
Microsoft Visual Studio Solution File, Format Version 12.00
# Visual Studio 15
Project("{FAE04EC0-301F-11D3-BF4B-00C04F79EFBC}") = "TuneSearch.Android", "TuneSearch.Android\TuneSearch.Android.csproj", "{8938FFF6-B716-4A22-B488-0AF3CE49002F}"
EndProject
Project("{FAE04EC0-301F-11D3-BF4B-00C04F79EFBC}") = "TuneSearch.iOS", "TuneSearch.iOS\TuneSearch.iOS.csproj", "{1C770B80-D43B-4054-8AB1-EC1983F939A2}"
EndProject
Project("{FAE04EC0-301F-11D3-BF4B-00C04F79EFBC}") = "TuneSearch", "TuneSearch\TuneSearch.csproj", "{867D300F-B3FF-488A-8B44-A8FD9318A120}"
EndProject
Project("{FAE04EC0-301F-11D3-BF4B-00C04F79EFBC}") = "TuneSearch.Common", "TuneSearch.Common\TuneSearch.Common.csproj", "{683E769D-446D-4525-AA14-3BE248A50F12}"
EndProject
Project("{FAE04EC0-301F-11D3-BF4B-00C04F79EFBC}") = "TuneSearch.Infrastructure", "TuneSearch.Infrastructure\TuneSearch.Infrastructure.csproj", "{1306279D-A1CF-4F6D-B3AF-36566C0657B0}"
EndProject
Project("{FAE04EC0-301F-11D3-BF4B-00C04F79EFBC}") = "TuneSearch.Infrastructure.Tests", "TuneSearch.Infrastructure.Tests\TuneSearch.Infrastructure.Tests.csproj", "{690C7CA8-32F7-4740-9C5B-2CB44D1B0705}"
EndProject
Project("{FAE04EC0-301F-11D3-BF4B-00C04F79EFBC}") = "TuneSearch.Core", "TuneSearch.Core\TuneSearch.Core.csproj", "{B510F0DB-3B47-47CA-9F41-775DA4FAF6DB}"
EndProject
Project("{FAE04EC0-301F-11D3-BF4B-00C04F79EFBC}") = "TuneSearch.Core.Tests", "TuneSearch.Core.Tests\TuneSearch.Core.Tests.csproj", "{BB3A8003-3E85-4F4E-A572-429E6046B74C}"
EndProject
Global
	GlobalSection(SolutionConfigurationPlatforms) = preSolution
		Debug|Any CPU = Debug|Any CPU
		Release|Any CPU = Release|Any CPU
		Debug|iPhoneSimulator = Debug|iPhoneSimulator
		Release|iPhoneSimulator = Release|iPhoneSimulator
		Debug|iPhone = Debug|iPhone
		Release|iPhone = Release|iPhone
		Ad-Hoc|iPhone = Ad-Hoc|iPhone
		AppStore|iPhone = AppStore|iPhone
	EndGlobalSection
	GlobalSection(ProjectConfigurationPlatforms) = postSolution
		{8938FFF6-B716-4A22-B488-0AF3CE49002F}.Debug|Any CPU.ActiveCfg = Debug|Any CPU
		{8938FFF6-B716-4A22-B488-0AF3CE49002F}.Debug|Any CPU.Build.0 = Debug|Any CPU
		{8938FFF6-B716-4A22-B488-0AF3CE49002F}.Release|Any CPU.ActiveCfg = Release|Any CPU
		{8938FFF6-B716-4A22-B488-0AF3CE49002F}.Release|Any CPU.Build.0 = Release|Any CPU
		{8938FFF6-B716-4A22-B488-0AF3CE49002F}.Debug|iPhoneSimulator.ActiveCfg = Debug|Any CPU
		{8938FFF6-B716-4A22-B488-0AF3CE49002F}.Debug|iPhoneSimulator.Build.0 = Debug|Any CPU
		{8938FFF6-B716-4A22-B488-0AF3CE49002F}.Release|iPhoneSimulator.ActiveCfg = Release|Any CPU
		{8938FFF6-B716-4A22-B488-0AF3CE49002F}.Release|iPhoneSimulator.Build.0 = Release|Any CPU
		{8938FFF6-B716-4A22-B488-0AF3CE49002F}.Debug|iPhone.ActiveCfg = Debug|Any CPU
		{8938FFF6-B716-4A22-B488-0AF3CE49002F}.Debug|iPhone.Build.0 = Debug|Any CPU
		{8938FFF6-B716-4A22-B488-0AF3CE49002F}.Release|iPhone.ActiveCfg = Release|Any CPU
		{8938FFF6-B716-4A22-B488-0AF3CE49002F}.Release|iPhone.Build.0 = Release|Any CPU
		{8938FFF6-B716-4A22-B488-0AF3CE49002F}.Ad-Hoc|iPhone.ActiveCfg = Debug|Any CPU
		{8938FFF6-B716-4A22-B488-0AF3CE49002F}.Ad-Hoc|iPhone.Build.0 = Debug|Any CPU
		{8938FFF6-B716-4A22-B488-0AF3CE49002F}.AppStore|iPhone.ActiveCfg = Debug|Any CPU
		{8938FFF6-B716-4A22-B488-0AF3CE49002F}.AppStore|iPhone.Build.0 = Debug|Any CPU
		{1C770B80-D43B-4054-8AB1-EC1983F939A2}.Debug|Any CPU.ActiveCfg = Debug|iPhoneSimulator
		{1C770B80-D43B-4054-8AB1-EC1983F939A2}.Debug|Any CPU.Build.0 = Debug|iPhoneSimulator
		{1C770B80-D43B-4054-8AB1-EC1983F939A2}.Release|Any CPU.ActiveCfg = Release|iPhoneSimulator
		{1C770B80-D43B-4054-8AB1-EC1983F939A2}.Release|Any CPU.Build.0 = Release|iPhoneSimulator
		{1C770B80-D43B-4054-8AB1-EC1983F939A2}.Debug|iPhoneSimulator.ActiveCfg = Debug|iPhoneSimulator
		{1C770B80-D43B-4054-8AB1-EC1983F939A2}.Debug|iPhoneSimulator.Build.0 = Debug|iPhoneSimulator
		{1C770B80-D43B-4054-8AB1-EC1983F939A2}.Release|iPhoneSimulator.ActiveCfg = Release|iPhoneSimulator
		{1C770B80-D43B-4054-8AB1-EC1983F939A2}.Release|iPhoneSimulator.Build.0 = Release|iPhoneSimulator
		{1C770B80-D43B-4054-8AB1-EC1983F939A2}.Debug|iPhone.ActiveCfg = Debug|iPhone
		{1C770B80-D43B-4054-8AB1-EC1983F939A2}.Debug|iPhone.Build.0 = Debug|iPhone
		{1C770B80-D43B-4054-8AB1-EC1983F939A2}.Release|iPhone.ActiveCfg = Release|iPhone
		{1C770B80-D43B-4054-8AB1-EC1983F939A2}.Release|iPhone.Build.0 = Release|iPhone
		{1C770B80-D43B-4054-8AB1-EC1983F939A2}.Ad-Hoc|iPhone.ActiveCfg = Ad-Hoc|iPhone
		{1C770B80-D43B-4054-8AB1-EC1983F939A2}.Ad-Hoc|iPhone.Build.0 = Ad-Hoc|iPhone
		{1C770B80-D43B-4054-8AB1-EC1983F939A2}.AppStore|iPhone.ActiveCfg = AppStore|iPhone
		{1C770B80-D43B-4054-8AB1-EC1983F939A2}.AppStore|iPhone.Build.0 = AppStore|iPhone
		{867D300F-B3FF-488A-8B44-A8FD9318A120}.Debug|Any CPU.ActiveCfg = Debug|Any CPU
		{867D300F-B3FF-488A-8B44-A8FD9318A120}.Debug|Any CPU.Build.0 = Debug|Any CPU
		{867D300F-B3FF-488A-8B44-A8FD9318A120}.Release|Any CPU.ActiveCfg = Release|Any CPU
		{867D300F-B3FF-488A-8B44-A8FD9318A120}.Release|Any CPU.Build.0 = Release|Any CPU
		{867D300F-B3FF-488A-8B44-A8FD9318A120}.Debug|iPhoneSimulator.ActiveCfg = Debug|Any CPU
		{867D300F-B3FF-488A-8B44-A8FD9318A120}.Debug|iPhoneSimulator.Build.0 = Debug|Any CPU
		{867D300F-B3FF-488A-8B44-A8FD9318A120}.Release|iPhoneSimulator.ActiveCfg = Release|Any CPU
		{867D300F-B3FF-488A-8B44-A8FD9318A120}.Release|iPhoneSimulator.Build.0 = Release|Any CPU
		{867D300F-B3FF-488A-8B44-A8FD9318A120}.Debug|iPhone.ActiveCfg = Debug|Any CPU
		{867D300F-B3FF-488A-8B44-A8FD9318A120}.Debug|iPhone.Build.0 = Debug|Any CPU
		{867D300F-B3FF-488A-8B44-A8FD9318A120}.Release|iPhone.ActiveCfg = Release|Any CPU
		{867D300F-B3FF-488A-8B44-A8FD9318A120}.Release|iPhone.Build.0 = Release|Any CPU
		{867D300F-B3FF-488A-8B44-A8FD9318A120}.Ad-Hoc|iPhone.ActiveCfg = Debug|Any CPU
		{867D300F-B3FF-488A-8B44-A8FD9318A120}.Ad-Hoc|iPhone.Build.0 = Debug|Any CPU
		{867D300F-B3FF-488A-8B44-A8FD9318A120}.AppStore|iPhone.ActiveCfg = Debug|Any CPU
		{867D300F-B3FF-488A-8B44-A8FD9318A120}.AppStore|iPhone.Build.0 = Debug|Any CPU
		{683E769D-446D-4525-AA14-3BE248A50F12}.Debug|Any CPU.ActiveCfg = Debug|Any CPU
		{683E769D-446D-4525-AA14-3BE248A50F12}.Debug|Any CPU.Build.0 = Debug|Any CPU
		{683E769D-446D-4525-AA14-3BE248A50F12}.Release|Any CPU.ActiveCfg = Release|Any CPU
		{683E769D-446D-4525-AA14-3BE248A50F12}.Release|Any CPU.Build.0 = Release|Any CPU
		{683E769D-446D-4525-AA14-3BE248A50F12}.Debug|iPhoneSimulator.ActiveCfg = Debug|Any CPU
		{683E769D-446D-4525-AA14-3BE248A50F12}.Debug|iPhoneSimulator.Build.0 = Debug|Any CPU
		{683E769D-446D-4525-AA14-3BE248A50F12}.Release|iPhoneSimulator.ActiveCfg = Release|Any CPU
		{683E769D-446D-4525-AA14-3BE248A50F12}.Release|iPhoneSimulator.Build.0 = Release|Any CPU
		{683E769D-446D-4525-AA14-3BE248A50F12}.Debug|iPhone.ActiveCfg = Debug|Any CPU
		{683E769D-446D-4525-AA14-3BE248A50F12}.Debug|iPhone.Build.0 = Debug|Any CPU
		{683E769D-446D-4525-AA14-3BE248A50F12}.Release|iPhone.ActiveCfg = Release|Any CPU
		{683E769D-446D-4525-AA14-3BE248A50F12}.Release|iPhone.Build.0 = Release|Any CPU
		{683E769D-446D-4525-AA14-3BE248A50F12}.Ad-Hoc|iPhone.ActiveCfg = Release|Any CPU
		{683E769D-446D-4525-AA14-3BE248A50F12}.Ad-Hoc|iPhone.Build.0 = Release|Any CPU
		{683E769D-446D-4525-AA14-3BE248A50F12}.AppStore|iPhone.ActiveCfg = Release|Any CPU
		{683E769D-446D-4525-AA14-3BE248A50F12}.AppStore|iPhone.Build.0 = Release|Any CPU
		{1306279D-A1CF-4F6D-B3AF-36566C0657B0}.Debug|Any CPU.ActiveCfg = Debug|Any CPU
		{1306279D-A1CF-4F6D-B3AF-36566C0657B0}.Debug|Any CPU.Build.0 = Debug|Any CPU
		{1306279D-A1CF-4F6D-B3AF-36566C0657B0}.Release|Any CPU.ActiveCfg = Release|Any CPU
		{1306279D-A1CF-4F6D-B3AF-36566C0657B0}.Release|Any CPU.Build.0 = Release|Any CPU
		{1306279D-A1CF-4F6D-B3AF-36566C0657B0}.Debug|iPhoneSimulator.ActiveCfg = Debug|Any CPU
		{1306279D-A1CF-4F6D-B3AF-36566C0657B0}.Debug|iPhoneSimulator.Build.0 = Debug|Any CPU
		{1306279D-A1CF-4F6D-B3AF-36566C0657B0}.Release|iPhoneSimulator.ActiveCfg = Release|Any CPU
		{1306279D-A1CF-4F6D-B3AF-36566C0657B0}.Release|iPhoneSimulator.Build.0 = Release|Any CPU
		{1306279D-A1CF-4F6D-B3AF-36566C0657B0}.Debug|iPhone.ActiveCfg = Debug|Any CPU
		{1306279D-A1CF-4F6D-B3AF-36566C0657B0}.Debug|iPhone.Build.0 = Debug|Any CPU
		{1306279D-A1CF-4F6D-B3AF-36566C0657B0}.Release|iPhone.ActiveCfg = Release|Any CPU
		{1306279D-A1CF-4F6D-B3AF-36566C0657B0}.Release|iPhone.Build.0 = Release|Any CPU
		{1306279D-A1CF-4F6D-B3AF-36566C0657B0}.Ad-Hoc|iPhone.ActiveCfg = Release|Any CPU
		{1306279D-A1CF-4F6D-B3AF-36566C0657B0}.Ad-Hoc|iPhone.Build.0 = Release|Any CPU
		{1306279D-A1CF-4F6D-B3AF-36566C0657B0}.AppStore|iPhone.ActiveCfg = Release|Any CPU
		{1306279D-A1CF-4F6D-B3AF-36566C0657B0}.AppStore|iPhone.Build.0 = Release|Any CPU
		{690C7CA8-32F7-4740-9C5B-2CB44D1B0705}.Debug|Any CPU.ActiveCfg = Debug|Any CPU
		{690C7CA8-32F7-4740-9C5B-2CB44D1B0705}.Debug|Any CPU.Build.0 = Debug|Any CPU
		{690C7CA8-32F7-4740-9C5B-2CB44D1B0705}.Release|Any CPU.ActiveCfg = Release|Any CPU
		{690C7CA8-32F7-4740-9C5B-2CB44D1B0705}.Release|Any CPU.Build.0 = Release|Any CPU
		{690C7CA8-32F7-4740-9C5B-2CB44D1B0705}.Debug|iPhoneSimulator.ActiveCfg = Debug|Any CPU
		{690C7CA8-32F7-4740-9C5B-2CB44D1B0705}.Debug|iPhoneSimulator.Build.0 = Debug|Any CPU
		{690C7CA8-32F7-4740-9C5B-2CB44D1B0705}.Release|iPhoneSimulator.ActiveCfg = Release|Any CPU
		{690C7CA8-32F7-4740-9C5B-2CB44D1B0705}.Release|iPhoneSimulator.Build.0 = Release|Any CPU
		{690C7CA8-32F7-4740-9C5B-2CB44D1B0705}.Debug|iPhone.ActiveCfg = Debug|Any CPU
		{690C7CA8-32F7-4740-9C5B-2CB44D1B0705}.Debug|iPhone.Build.0 = Debug|Any CPU
		{690C7CA8-32F7-4740-9C5B-2CB44D1B0705}.Release|iPhone.ActiveCfg = Release|Any CPU
		{690C7CA8-32F7-4740-9C5B-2CB44D1B0705}.Release|iPhone.Build.0 = Release|Any CPU
		{690C7CA8-32F7-4740-9C5B-2CB44D1B0705}.Ad-Hoc|iPhone.ActiveCfg = Release|Any CPU
		{690C7CA8-32F7-4740-9C5B-2CB44D1B0705}.Ad-Hoc|iPhone.Build.0 = Release|Any CPU
		{690C7CA8-32F7-4740-9C5B-2CB44D1B0705}.AppStore|iPhone.ActiveCfg = Release|Any CPU
		{690C7CA8-32F7-4740-9C5B-2CB44D1B0705}.AppStore|iPhone.Build.0 = Release|Any CPU
		{B510F0DB-3B47-47CA-9F41-775DA4FAF6DB}.Debug|Any CPU.ActiveCfg = Debug|Any CPU
		{B510F0DB-3B47-47CA-9F41-775DA4FAF6DB}.Debug|Any CPU.Build.0 = Debug|Any CPU
		{B510F0DB-3B47-47CA-9F41-775DA4FAF6DB}.Release|Any CPU.ActiveCfg = Release|Any CPU
		{B510F0DB-3B47-47CA-9F41-775DA4FAF6DB}.Release|Any CPU.Build.0 = Release|Any CPU
		{B510F0DB-3B47-47CA-9F41-775DA4FAF6DB}.Debug|iPhoneSimulator.ActiveCfg = Debug|Any CPU
		{B510F0DB-3B47-47CA-9F41-775DA4FAF6DB}.Debug|iPhoneSimulator.Build.0 = Debug|Any CPU
		{B510F0DB-3B47-47CA-9F41-775DA4FAF6DB}.Release|iPhoneSimulator.ActiveCfg = Release|Any CPU
		{B510F0DB-3B47-47CA-9F41-775DA4FAF6DB}.Release|iPhoneSimulator.Build.0 = Release|Any CPU
		{B510F0DB-3B47-47CA-9F41-775DA4FAF6DB}.Debug|iPhone.ActiveCfg = Debug|Any CPU
		{B510F0DB-3B47-47CA-9F41-775DA4FAF6DB}.Debug|iPhone.Build.0 = Debug|Any CPU
		{B510F0DB-3B47-47CA-9F41-775DA4FAF6DB}.Release|iPhone.ActiveCfg = Release|Any CPU
		{B510F0DB-3B47-47CA-9F41-775DA4FAF6DB}.Release|iPhone.Build.0 = Release|Any CPU
		{B510F0DB-3B47-47CA-9F41-775DA4FAF6DB}.Ad-Hoc|iPhone.ActiveCfg = Release|Any CPU
		{B510F0DB-3B47-47CA-9F41-775DA4FAF6DB}.Ad-Hoc|iPhone.Build.0 = Release|Any CPU
		{B510F0DB-3B47-47CA-9F41-775DA4FAF6DB}.AppStore|iPhone.ActiveCfg = Release|Any CPU
		{B510F0DB-3B47-47CA-9F41-775DA4FAF6DB}.AppStore|iPhone.Build.0 = Release|Any CPU
		{BB3A8003-3E85-4F4E-A572-429E6046B74C}.Debug|Any CPU.ActiveCfg = Debug|Any CPU
		{BB3A8003-3E85-4F4E-A572-429E6046B74C}.Debug|Any CPU.Build.0 = Debug|Any CPU
		{BB3A8003-3E85-4F4E-A572-429E6046B74C}.Release|Any CPU.ActiveCfg = Release|Any CPU
		{BB3A8003-3E85-4F4E-A572-429E6046B74C}.Release|Any CPU.Build.0 = Release|Any CPU
		{BB3A8003-3E85-4F4E-A572-429E6046B74C}.Debug|iPhoneSimulator.ActiveCfg = Debug|Any CPU
		{BB3A8003-3E85-4F4E-A572-429E6046B74C}.Debug|iPhoneSimulator.Build.0 = Debug|Any CPU
		{BB3A8003-3E85-4F4E-A572-429E6046B74C}.Release|iPhoneSimulator.ActiveCfg = Release|Any CPU
		{BB3A8003-3E85-4F4E-A572-429E6046B74C}.Release|iPhoneSimulator.Build.0 = Release|Any CPU
		{BB3A8003-3E85-4F4E-A572-429E6046B74C}.Debug|iPhone.ActiveCfg = Debug|Any CPU
		{BB3A8003-3E85-4F4E-A572-429E6046B74C}.Debug|iPhone.Build.0 = Debug|Any CPU
		{BB3A8003-3E85-4F4E-A572-429E6046B74C}.Release|iPhone.ActiveCfg = Release|Any CPU
		{BB3A8003-3E85-4F4E-A572-429E6046B74C}.Release|iPhone.Build.0 = Release|Any CPU
		{BB3A8003-3E85-4F4E-A572-429E6046B74C}.Ad-Hoc|iPhone.ActiveCfg = Release|Any CPU
		{BB3A8003-3E85-4F4E-A572-429E6046B74C}.Ad-Hoc|iPhone.Build.0 = Release|Any CPU
		{BB3A8003-3E85-4F4E-A572-429E6046B74C}.AppStore|iPhone.ActiveCfg = Release|Any CPU
		{BB3A8003-3E85-4F4E-A572-429E6046B74C}.AppStore|iPhone.Build.0 = Release|Any CPU
	EndGlobalSection
EndGlobal
